// !$*UTF8*$!
{
	archiveVersion = 1;
	classes = {
	};
	objectVersion = 77;
	objects = {

/* Begin PBXBuildFile section */
		D00000000000000000000021 /* VoyaApp.swift in Sources */ = {isa = PBXBuildFile; fileRef = D00000000000000000000001 /* VoyaApp.swift */; };
		D00000000000000000000022 /* ContentView.swift in Sources */ = {isa = PBXBuildFile; fileRef = D00000000000000000000002 /* ContentView.swift */; };
		D00000000000000000000023 /* TripModels.swift in Sources */ = {isa = PBXBuildFile; fileRef = D00000000000000000000003 /* TripModels.swift */; };
		D00000000000000000000024 /* TravelAlert.swift in Sources */ = {isa = PBXBuildFile; fileRef = D00000000000000000000004 /* TravelAlert.swift */; };
		D0000000000000000000006C /* FlightCheckInAction.swift in Sources */ = {isa = PBXBuildFile; fileRef = D0000000000000000000006B /* FlightCheckInAction.swift */; };
		D00000000000000000000025 /* DestinationImageResolver.swift in Sources */ = {isa = PBXBuildFile; fileRef = D00000000000000000000005 /* DestinationImageResolver.swift */; };
		D00000000000000000000026 /* DateFormatters.swift in Sources */ = {isa = PBXBuildFile; fileRef = D00000000000000000000006 /* DateFormatters.swift */; };
		D00000000000000000000027 /* AppChrome.swift in Sources */ = {isa = PBXBuildFile; fileRef = D00000000000000000000007 /* AppChrome.swift */; };
		D00000000000000000000028 /* SharedVisuals.swift in Sources */ = {isa = PBXBuildFile; fileRef = D00000000000000000000008 /* SharedVisuals.swift */; };
		D00000000000000000000029 /* VoyaStore.swift in Sources */ = {isa = PBXBuildFile; fileRef = D00000000000000000000009 /* VoyaStore.swift */; };
		D0000000000000000000002A /* SampleData.swift in Sources */ = {isa = PBXBuildFile; fileRef = D0000000000000000000000A /* SampleData.swift */; };
		D0000000000000000000002B /* VoyaAPIConfiguration.swift in Sources */ = {isa = PBXBuildFile; fileRef = D0000000000000000000000B /* VoyaAPIConfiguration.swift */; };
		D0000000000000000000002C /* ConfirmationExtractor.swift in Sources */ = {isa = PBXBuildFile; fileRef = D0000000000000000000000C /* ConfirmationExtractor.swift */; };
		D0000000000000000000002D /* EnrichmentModels.swift in Sources */ = {isa = PBXBuildFile; fileRef = D0000000000000000000000D /* EnrichmentModels.swift */; };
		D0000000000000000000002E /* MobilityService.swift in Sources */ = {isa = PBXBuildFile; fileRef = D0000000000000000000000E /* MobilityService.swift */; };
		D0000000000000000000002F /* ItemEnricher.swift in Sources */ = {isa = PBXBuildFile; fileRef = D0000000000000000000000F /* ItemEnricher.swift */; };
		D00000000000000000000030 /* FlightLookupService.swift in Sources */ = {isa = PBXBuildFile; fileRef = D00000000000000000000010 /* FlightLookupService.swift */; };
		D00000000000000000000031 /* ConfirmationParser.swift in Sources */ = {isa = PBXBuildFile; fileRef = D00000000000000000000011 /* ConfirmationParser.swift */; };
		D00000000000000000000070 /* AssistantAIService.swift in Sources */ = {isa = PBXBuildFile; fileRef = D0000000000000000000006F /* AssistantAIService.swift */; };
		D00000000000000000000032 /* ItemEnrichmentCache.swift in Sources */ = {isa = PBXBuildFile; fileRef = D00000000000000000000012 /* ItemEnrichmentCache.swift */; };
		D00000000000000000000033 /* VoyaNotifications.swift in Sources */ = {isa = PBXBuildFile; fileRef = D00000000000000000000013 /* VoyaNotifications.swift */; };
		D00000000000000000000071 /* VoyaPushRegistration.swift in Sources */ = {isa = PBXBuildFile; fileRef = D00000000000000000000072 /* VoyaPushRegistration.swift */; };
		D00000000000000000000034 /* InspireView.swift in Sources */ = {isa = PBXBuildFile; fileRef = D00000000000000000000014 /* InspireView.swift */; };
		D00000000000000000000035 /* TripsView.swift in Sources */ = {isa = PBXBuildFile; fileRef = D00000000000000000000015 /* TripsView.swift */; };
		D00000000000000000000036 /* TripHeroComponents.swift in Sources */ = {isa = PBXBuildFile; fileRef = D00000000000000000000016 /* TripHeroComponents.swift */; };
		D00000000000000000000037 /* TimelineComponents.swift in Sources */ = {isa = PBXBuildFile; fileRef = D00000000000000000000017 /* TimelineComponents.swift */; };
		D00000000000000000000038 /* TransferDetailView.swift in Sources */ = {isa = PBXBuildFile; fileRef = D00000000000000000000018 /* TransferDetailView.swift */; };
		D00000000000000000000039 /* ItineraryItemDraft.swift in Sources */ = {isa = PBXBuildFile; fileRef = D00000000000000000000019 /* ItineraryItemDraft.swift */; };
		D0000000000000000000003A /* ItineraryItemDetailView.swift in Sources */ = {isa = PBXBuildFile; fileRef = D0000000000000000000001A /* ItineraryItemDetailView.swift */; };
		D0000000000000000000003B /* EditItineraryItemView.swift in Sources */ = {isa = PBXBuildFile; fileRef = D0000000000000000000001B /* EditItineraryItemView.swift */; };
		D0000000000000000000003C /* EditTripView.swift in Sources */ = {isa = PBXBuildFile; fileRef = D0000000000000000000001C /* EditTripView.swift */; };
		D0000000000000000000003D /* ImportView.swift in Sources */ = {isa = PBXBuildFile; fileRef = D0000000000000000000001D /* ImportView.swift */; };
		D0000000000000000000003E /* ImportModels.swift in Sources */ = {isa = PBXBuildFile; fileRef = D0000000000000000000001E /* ImportModels.swift */; };
		D0000000000000000000003F /* ImportComponents.swift in Sources */ = {isa = PBXBuildFile; fileRef = D0000000000000000000001F /* ImportComponents.swift */; };
		D00000000000000000000040 /* AssistantView.swift in Sources */ = {isa = PBXBuildFile; fileRef = D00000000000000000000020 /* AssistantView.swift */; };
		D0000000000000000000006E /* AssistantIntelligence.swift in Sources */ = {isa = PBXBuildFile; fileRef = D0000000000000000000006D /* AssistantIntelligence.swift */; };
		1A2B3C4D5E6F700000000015 /* Assets.xcassets in Resources */ = {isa = PBXBuildFile; fileRef = 1A2B3C4D5E6F700000000007 /* Assets.xcassets */; };
		1A2B3C4D5E6F700000000016 /* Localizable.xcstrings in Resources */ = {isa = PBXBuildFile; fileRef = 1A2B3C4D5E6F700000000008 /* Localizable.xcstrings */; };
		D00000000000000000000055 /* StringHelpers.swift in Sources */ = {isa = PBXBuildFile; fileRef = D00000000000000000000054 /* StringHelpers.swift */; };
		D00000000000000000000057 /* VoyaStorePersistence.swift in Sources */ = {isa = PBXBuildFile; fileRef = D00000000000000000000056 /* VoyaStorePersistence.swift */; };
		D00000000000000000000059 /* VoyaStoreHeroImages.swift in Sources */ = {isa = PBXBuildFile; fileRef = D00000000000000000000058 /* VoyaStoreHeroImages.swift */; };
		D0000000000000000000005B /* VoyaStoreImport.swift in Sources */ = {isa = PBXBuildFile; fileRef = D0000000000000000000005A /* VoyaStoreImport.swift */; };
		D0000000000000000000005D /* VoyaStoreEditing.swift in Sources */ = {isa = PBXBuildFile; fileRef = D0000000000000000000005C /* VoyaStoreEditing.swift */; };
		D0000000000000000000005F /* VoyaStoreMerge.swift in Sources */ = {isa = PBXBuildFile; fileRef = D0000000000000000000005E /* VoyaStoreMerge.swift */; };
		D00000000000000000000061 /* VoyaStoreSorting.swift in Sources */ = {isa = PBXBuildFile; fileRef = D00000000000000000000060 /* VoyaStoreSorting.swift */; };
		D00000000000000000000063 /* VoyaStoreTripMetadata.swift in Sources */ = {isa = PBXBuildFile; fileRef = D00000000000000000000062 /* VoyaStoreTripMetadata.swift */; };
		D00000000000000000000066 /* ItineraryItemCompanionCard.swift in Sources */ = {isa = PBXBuildFile; fileRef = D00000000000000000000065 /* ItineraryItemCompanionCard.swift */; };
		D00000000000000000000068 /* TravelBriefCard.swift in Sources */ = {isa = PBXBuildFile; fileRef = D00000000000000000000067 /* TravelBriefCard.swift */; };
		D0000000000000000000006A /* ItemInsightPanel.swift in Sources */ = {isa = PBXBuildFile; fileRef = D00000000000000000000069 /* ItemInsightPanel.swift */; };
/* End PBXBuildFile section */

/* Begin PBXFileReference section */
		D00000000000000000000001 /* VoyaApp.swift */ = {isa = PBXFileReference; lastKnownFileType = sourcecode.swift; path = VoyaApp.swift; sourceTree = "<group>"; };
		D00000000000000000000002 /* ContentView.swift */ = {isa = PBXFileReference; lastKnownFileType = sourcecode.swift; path = ContentView.swift; sourceTree = "<group>"; };
		D00000000000000000000003 /* TripModels.swift */ = {isa = PBXFileReference; lastKnownFileType = sourcecode.swift; path = TripModels.swift; sourceTree = "<group>"; };
		D00000000000000000000004 /* TravelAlert.swift */ = {isa = PBXFileReference; lastKnownFileType = sourcecode.swift; path = TravelAlert.swift; sourceTree = "<group>"; };
		D0000000000000000000006B /* FlightCheckInAction.swift */ = {isa = PBXFileReference; lastKnownFileType = sourcecode.swift; path = FlightCheckInAction.swift; sourceTree = "<group>"; };
		D00000000000000000000005 /* DestinationImageResolver.swift */ = {isa = PBXFileReference; lastKnownFileType = sourcecode.swift; path = DestinationImageResolver.swift; sourceTree = "<group>"; };
		D00000000000000000000006 /* DateFormatters.swift */ = {isa = PBXFileReference; lastKnownFileType = sourcecode.swift; path = DateFormatters.swift; sourceTree = "<group>"; };
		D00000000000000000000007 /* AppChrome.swift */ = {isa = PBXFileReference; lastKnownFileType = sourcecode.swift; path = AppChrome.swift; sourceTree = "<group>"; };
		D00000000000000000000008 /* SharedVisuals.swift */ = {isa = PBXFileReference; lastKnownFileType = sourcecode.swift; path = SharedVisuals.swift; sourceTree = "<group>"; };
		D00000000000000000000009 /* VoyaStore.swift */ = {isa = PBXFileReference; lastKnownFileType = sourcecode.swift; path = VoyaStore.swift; sourceTree = "<group>"; };
		D0000000000000000000000A /* SampleData.swift */ = {isa = PBXFileReference; lastKnownFileType = sourcecode.swift; path = SampleData.swift; sourceTree = "<group>"; };
		D0000000000000000000000B /* VoyaAPIConfiguration.swift */ = {isa = PBXFileReference; lastKnownFileType = sourcecode.swift; path = VoyaAPIConfiguration.swift; sourceTree = "<group>"; };
		D0000000000000000000000C /* ConfirmationExtractor.swift */ = {isa = PBXFileReference; lastKnownFileType = sourcecode.swift; path = ConfirmationExtractor.swift; sourceTree = "<group>"; };
		D0000000000000000000000D /* EnrichmentModels.swift */ = {isa = PBXFileReference; lastKnownFileType = sourcecode.swift; path = EnrichmentModels.swift; sourceTree = "<group>"; };
		D0000000000000000000000E /* MobilityService.swift */ = {isa = PBXFileReference; lastKnownFileType = sourcecode.swift; path = MobilityService.swift; sourceTree = "<group>"; };
		D0000000000000000000000F /* ItemEnricher.swift */ = {isa = PBXFileReference; lastKnownFileType = sourcecode.swift; path = ItemEnricher.swift; sourceTree = "<group>"; };
		D00000000000000000000010 /* FlightLookupService.swift */ = {isa = PBXFileReference; lastKnownFileType = sourcecode.swift; path = FlightLookupService.swift; sourceTree = "<group>"; };
		D00000000000000000000011 /* ConfirmationParser.swift */ = {isa = PBXFileReference; lastKnownFileType = sourcecode.swift; path = ConfirmationParser.swift; sourceTree = "<group>"; };
		D0000000000000000000006F /* AssistantAIService.swift */ = {isa = PBXFileReference; lastKnownFileType = sourcecode.swift; path = AssistantAIService.swift; sourceTree = "<group>"; };
		D00000000000000000000012 /* ItemEnrichmentCache.swift */ = {isa = PBXFileReference; lastKnownFileType = sourcecode.swift; path = ItemEnrichmentCache.swift; sourceTree = "<group>"; };
		D00000000000000000000013 /* VoyaNotifications.swift */ = {isa = PBXFileReference; lastKnownFileType = sourcecode.swift; path = VoyaNotifications.swift; sourceTree = "<group>"; };
		D00000000000000000000072 /* VoyaPushRegistration.swift */ = {isa = PBXFileReference; lastKnownFileType = sourcecode.swift; path = VoyaPushRegistration.swift; sourceTree = "<group>"; };
		D00000000000000000000014 /* InspireView.swift */ = {isa = PBXFileReference; lastKnownFileType = sourcecode.swift; path = InspireView.swift; sourceTree = "<group>"; };
		D00000000000000000000015 /* TripsView.swift */ = {isa = PBXFileReference; lastKnownFileType = sourcecode.swift; path = TripsView.swift; sourceTree = "<group>"; };
		D00000000000000000000016 /* TripHeroComponents.swift */ = {isa = PBXFileReference; lastKnownFileType = sourcecode.swift; path = TripHeroComponents.swift; sourceTree = "<group>"; };
		D00000000000000000000017 /* TimelineComponents.swift */ = {isa = PBXFileReference; lastKnownFileType = sourcecode.swift; path = TimelineComponents.swift; sourceTree = "<group>"; };
		D00000000000000000000018 /* TransferDetailView.swift */ = {isa = PBXFileReference; lastKnownFileType = sourcecode.swift; path = TransferDetailView.swift; sourceTree = "<group>"; };
		D00000000000000000000019 /* ItineraryItemDraft.swift */ = {isa = PBXFileReference; lastKnownFileType = sourcecode.swift; path = ItineraryItemDraft.swift; sourceTree = "<group>"; };
		D0000000000000000000001A /* ItineraryItemDetailView.swift */ = {isa = PBXFileReference; lastKnownFileType = sourcecode.swift; path = ItineraryItemDetailView.swift; sourceTree = "<group>"; };
		D0000000000000000000001B /* EditItineraryItemView.swift */ = {isa = PBXFileReference; lastKnownFileType = sourcecode.swift; path = EditItineraryItemView.swift; sourceTree = "<group>"; };
		D0000000000000000000001C /* EditTripView.swift */ = {isa = PBXFileReference; lastKnownFileType = sourcecode.swift; path = EditTripView.swift; sourceTree = "<group>"; };
		D0000000000000000000001D /* ImportView.swift */ = {isa = PBXFileReference; lastKnownFileType = sourcecode.swift; path = ImportView.swift; sourceTree = "<group>"; };
		D0000000000000000000001E /* ImportModels.swift */ = {isa = PBXFileReference; lastKnownFileType = sourcecode.swift; path = ImportModels.swift; sourceTree = "<group>"; };
		D0000000000000000000001F /* ImportComponents.swift */ = {isa = PBXFileReference; lastKnownFileType = sourcecode.swift; path = ImportComponents.swift; sourceTree = "<group>"; };
		D00000000000000000000020 /* AssistantView.swift */ = {isa = PBXFileReference; lastKnownFileType = sourcecode.swift; path = AssistantView.swift; sourceTree = "<group>"; };
		D0000000000000000000006D /* AssistantIntelligence.swift */ = {isa = PBXFileReference; lastKnownFileType = sourcecode.swift; path = AssistantIntelligence.swift; sourceTree = "<group>"; };
		1A2B3C4D5E6F700000000005 /* Info.plist */ = {isa = PBXFileReference; lastKnownFileType = text.plist.xml; path = Info.plist; sourceTree = "<group>"; };
		D00000000000000000000073 /* Voya.entitlements */ = {isa = PBXFileReference; lastKnownFileType = text.plist.entitlements; path = Voya.entitlements; sourceTree = "<group>"; };
		1A2B3C4D5E6F700000000006 /* Voya.app */ = {isa = PBXFileReference; explicitFileType = wrapper.application; includeInIndex = 0; path = Voya.app; sourceTree = BUILT_PRODUCTS_DIR; };
		1A2B3C4D5E6F700000000007 /* Assets.xcassets */ = {isa = PBXFileReference; lastKnownFileType = folder.assetcatalog; path = Assets.xcassets; sourceTree = "<group>"; };
		1A2B3C4D5E6F700000000008 /* Localizable.xcstrings */ = {isa = PBXFileReference; lastKnownFileType = text.json.xcstrings; path = Localizable.xcstrings; sourceTree = "<group>"; };
		D00000000000000000000054 /* StringHelpers.swift */ = {isa = PBXFileReference; lastKnownFileType = sourcecode.swift; path = StringHelpers.swift; sourceTree = "<group>"; };
		D00000000000000000000056 /* VoyaStorePersistence.swift */ = {isa = PBXFileReference; lastKnownFileType = sourcecode.swift; path = VoyaStorePersistence.swift; sourceTree = "<group>"; };
		D00000000000000000000058 /* VoyaStoreHeroImages.swift */ = {isa = PBXFileReference; lastKnownFileType = sourcecode.swift; path = VoyaStoreHeroImages.swift; sourceTree = "<group>"; };
		D0000000000000000000005A /* VoyaStoreImport.swift */ = {isa = PBXFileReference; lastKnownFileType = sourcecode.swift; path = VoyaStoreImport.swift; sourceTree = "<group>"; };
		D0000000000000000000005C /* VoyaStoreEditing.swift */ = {isa = PBXFileReference; lastKnownFileType = sourcecode.swift; path = VoyaStoreEditing.swift; sourceTree = "<group>"; };
		D0000000000000000000005E /* VoyaStoreMerge.swift */ = {isa = PBXFileReference; lastKnownFileType = sourcecode.swift; path = VoyaStoreMerge.swift; sourceTree = "<group>"; };
		D00000000000000000000060 /* VoyaStoreSorting.swift */ = {isa = PBXFileReference; lastKnownFileType = sourcecode.swift; path = VoyaStoreSorting.swift; sourceTree = "<group>"; };
		D00000000000000000000062 /* VoyaStoreTripMetadata.swift */ = {isa = PBXFileReference; lastKnownFileType = sourcecode.swift; path = VoyaStoreTripMetadata.swift; sourceTree = "<group>"; };
		D00000000000000000000065 /* ItineraryItemCompanionCard.swift */ = {isa = PBXFileReference; lastKnownFileType = sourcecode.swift; path = ItineraryItemCompanionCard.swift; sourceTree = "<group>"; };
		D00000000000000000000067 /* TravelBriefCard.swift */ = {isa = PBXFileReference; lastKnownFileType = sourcecode.swift; path = TravelBriefCard.swift; sourceTree = "<group>"; };
		D00000000000000000000069 /* ItemInsightPanel.swift */ = {isa = PBXFileReference; lastKnownFileType = sourcecode.swift; path = ItemInsightPanel.swift; sourceTree = "<group>"; };
/* End PBXFileReference section */

/* Begin PBXFrameworksBuildPhase section */
		1A2B3C4D5E6F700000000101 /* Frameworks */ = {
			isa = PBXFrameworksBuildPhase;
			buildActionMask = 2147483647;
			files = (
			);
			runOnlyForDeploymentPostprocessing = 0;
		};
/* End PBXFrameworksBuildPhase section */

/* Begin PBXGroup section */
		1A2B3C4D5E6F700000000201 = {
			isa = PBXGroup;
			children = (
				1A2B3C4D5E6F700000000202 /* Voya */,
				1A2B3C4D5E6F700000000203 /* Products */,
			);
			sourceTree = "<group>";
		};
		1A2B3C4D5E6F700000000202 /* Voya */ = {
			isa = PBXGroup;
			children = (
				D00000000000000000000041 /* App */,
				D00000000000000000000042 /* Core */,
				D00000000000000000000047 /* Data */,
				D0000000000000000000004C /* Features */,
				D0000000000000000000004B /* Notifications */,
				1A2B3C4D5E6F700000000005 /* Info.plist */,
				D00000000000000000000073 /* Voya.entitlements */,
				1A2B3C4D5E6F700000000008 /* Localizable.xcstrings */,
				1A2B3C4D5E6F700000000007 /* Assets.xcassets */,
			);
			path = Voya;
			sourceTree = "<group>";
		};
		D00000000000000000000041 /* App */ = {
			isa = PBXGroup;
			children = (
				D00000000000000000000001 /* VoyaApp.swift */,
				D00000000000000000000002 /* ContentView.swift */,
			);
			path = App;
			sourceTree = "<group>";
		};
		D00000000000000000000042 /* Core */ = {
			isa = PBXGroup;
			children = (
				D00000000000000000000043 /* Models */,
				D00000000000000000000044 /* Services */,
				D00000000000000000000045 /* Utilities */,
				D00000000000000000000046 /* DesignSystem */,
			);
			path = Core;
			sourceTree = "<group>";
		};
		D00000000000000000000043 /* Models */ = {
			isa = PBXGroup;
			children = (
				D00000000000000000000003 /* TripModels.swift */,
				D00000000000000000000004 /* TravelAlert.swift */,
				D0000000000000000000006B /* FlightCheckInAction.swift */,
			);
			path = Models;
			sourceTree = "<group>";
		};
		D00000000000000000000044 /* Services */ = {
			isa = PBXGroup;
			children = (
				D00000000000000000000005 /* DestinationImageResolver.swift */,
			);
			path = Services;
			sourceTree = "<group>";
		};
		D00000000000000000000045 /* Utilities */ = {
			isa = PBXGroup;
			children = (
				D00000000000000000000006 /* DateFormatters.swift */,
				D00000000000000000000054 /* StringHelpers.swift */,
			);
			path = Utilities;
			sourceTree = "<group>";
		};
		D00000000000000000000046 /* DesignSystem */ = {
			isa = PBXGroup;
			children = (
				D00000000000000000000007 /* AppChrome.swift */,
				D00000000000000000000008 /* SharedVisuals.swift */,
			);
			path = DesignSystem;
			sourceTree = "<group>";
		};
		D00000000000000000000047 /* Data */ = {
			isa = PBXGroup;
			children = (
				D00000000000000000000009 /* VoyaStore.swift */,
				D00000000000000000000064 /* Store */,
				D00000000000000000000048 /* Fixtures */,
				D00000000000000000000049 /* API */,
				D0000000000000000000004A /* Cache */,
			);
			path = Data;
			sourceTree = "<group>";
		};
		D00000000000000000000048 /* Fixtures */ = {
			isa = PBXGroup;
			children = (
				D0000000000000000000000A /* SampleData.swift */,
			);
			path = Fixtures;
			sourceTree = "<group>";
		};
		D00000000000000000000049 /* API */ = {
			isa = PBXGroup;
			children = (
				D0000000000000000000000B /* VoyaAPIConfiguration.swift */,
				D0000000000000000000000C /* ConfirmationExtractor.swift */,
				D0000000000000000000000D /* EnrichmentModels.swift */,
				D0000000000000000000000E /* MobilityService.swift */,
				D0000000000000000000000F /* ItemEnricher.swift */,
				D00000000000000000000010 /* FlightLookupService.swift */,
				D00000000000000000000011 /* ConfirmationParser.swift */,
				D0000000000000000000006F /* AssistantAIService.swift */,
			);
			path = API;
			sourceTree = "<group>";
		};
		D0000000000000000000004A /* Cache */ = {
			isa = PBXGroup;
			children = (
				D00000000000000000000012 /* ItemEnrichmentCache.swift */,
			);
			path = Cache;
			sourceTree = "<group>";
		};
		D0000000000000000000004B /* Notifications */ = {
			isa = PBXGroup;
			children = (
				D00000000000000000000013 /* VoyaNotifications.swift */,
				D00000000000000000000072 /* VoyaPushRegistration.swift */,
			);
			path = Notifications;
			sourceTree = "<group>";
		};
		D0000000000000000000004C /* Features */ = {
			isa = PBXGroup;
			children = (
				D0000000000000000000004D /* Inspire */,
				D0000000000000000000004E /* Trips */,
				D0000000000000000000004F /* Import */,
				D00000000000000000000050 /* Assistant */,
			);
			path = Features;
			sourceTree = "<group>";
		};
		D0000000000000000000004D /* Inspire */ = {
			isa = PBXGroup;
			children = (
				D00000000000000000000014 /* InspireView.swift */,
			);
			path = Inspire;
			sourceTree = "<group>";
		};
		D0000000000000000000004E /* Trips */ = {
			isa = PBXGroup;
			children = (
				D00000000000000000000015 /* TripsView.swift */,
				D00000000000000000000016 /* TripHeroComponents.swift */,
				D00000000000000000000017 /* TimelineComponents.swift */,
				D00000000000000000000018 /* TransferDetailView.swift */,
				D00000000000000000000019 /* ItineraryItemDraft.swift */,
				D0000000000000000000001A /* ItineraryItemDetailView.swift */,
				D00000000000000000000065 /* ItineraryItemCompanionCard.swift */,
				D00000000000000000000067 /* TravelBriefCard.swift */,
				D00000000000000000000069 /* ItemInsightPanel.swift */,
				D0000000000000000000001B /* EditItineraryItemView.swift */,
				D0000000000000000000001C /* EditTripView.swift */,
			);
			path = Trips;
			sourceTree = "<group>";
		};
		D0000000000000000000004F /* Import */ = {
			isa = PBXGroup;
			children = (
				D0000000000000000000001D /* ImportView.swift */,
				D0000000000000000000001E /* ImportModels.swift */,
				D0000000000000000000001F /* ImportComponents.swift */,
			);
			path = Import;
			sourceTree = "<group>";
		};
		D00000000000000000000050 /* Assistant */ = {
			isa = PBXGroup;
			children = (
				D00000000000000000000020 /* AssistantView.swift */,
				D0000000000000000000006D /* AssistantIntelligence.swift */,
			);
			path = Assistant;
			sourceTree = "<group>";
		};
		1A2B3C4D5E6F700000000203 /* Products */ = {
			isa = PBXGroup;
			children = (
				1A2B3C4D5E6F700000000006 /* Voya.app */,
			);
			name = Products;
			sourceTree = "<group>";
		};
		D00000000000000000000064 /* Store */ = {
			isa = PBXGroup;
			children = (
				D00000000000000000000056 /* VoyaStorePersistence.swift */,
				D00000000000000000000058 /* VoyaStoreHeroImages.swift */,
				D0000000000000000000005A /* VoyaStoreImport.swift */,
				D0000000000000000000005C /* VoyaStoreEditing.swift */,
				D0000000000000000000005E /* VoyaStoreMerge.swift */,
				D00000000000000000000060 /* VoyaStoreSorting.swift */,
				D00000000000000000000062 /* VoyaStoreTripMetadata.swift */,
			);
			path = Store;
			sourceTree = "<group>";
		};
/* End PBXGroup section */

/* Begin PBXNativeTarget section */
		1A2B3C4D5E6F700000000301 /* Voya */ = {
			isa = PBXNativeTarget;
			buildConfigurationList = 1A2B3C4D5E6F700000000401 /* Build configuration list for PBXNativeTarget "Voya" */;
			buildPhases = (
				1A2B3C4D5E6F700000000102 /* Sources */,
				1A2B3C4D5E6F700000000101 /* Frameworks */,
				1A2B3C4D5E6F700000000103 /* Resources */,
			);
			buildRules = (
			);
			dependencies = (
			);
			name = Voya;
			productName = Voya;
			productReference = 1A2B3C4D5E6F700000000006 /* Voya.app */;
			productType = "com.apple.product-type.application";
		};
/* End PBXNativeTarget section */

/* Begin PBXProject section */
		1A2B3C4D5E6F700000000302 /* Project object */ = {
			isa = PBXProject;
			attributes = {
				BuildIndependentTargetsInParallel = 1;
				LastSwiftUpdateCheck = 2650;
				LastUpgradeCheck = 2650;
				TargetAttributes = {
					1A2B3C4D5E6F700000000301 = {
						CreatedOnToolsVersion = 26.5;
					};
				};
			};
			buildConfigurationList = 1A2B3C4D5E6F700000000402 /* Build configuration list for PBXProject "Voya" */;
			developmentRegion = en;
			hasScannedForEncodings = 0;
			knownRegions = (
				en,
				ru,
				Base,
			);
			mainGroup = 1A2B3C4D5E6F700000000201;
			minimizedProjectReferenceProxies = 1;
			preferredProjectObjectVersion = 77;
			productRefGroup = 1A2B3C4D5E6F700000000203 /* Products */;
			projectDirPath = "";
			projectRoot = "";
			targets = (
				1A2B3C4D5E6F700000000301 /* Voya */,
			);
		};
/* End PBXProject section */

/* Begin PBXResourcesBuildPhase section */
		1A2B3C4D5E6F700000000103 /* Resources */ = {
			isa = PBXResourcesBuildPhase;
			buildActionMask = 2147483647;
			files = (
				1A2B3C4D5E6F700000000015 /* Assets.xcassets in Resources */,
				1A2B3C4D5E6F700000000016 /* Localizable.xcstrings in Resources */,
			);
			runOnlyForDeploymentPostprocessing = 0;
		};
/* End PBXResourcesBuildPhase section */

/* Begin PBXSourcesBuildPhase section */
		1A2B3C4D5E6F700000000102 /* Sources */ = {
			isa = PBXSourcesBuildPhase;
			buildActionMask = 2147483647;
			files = (
				D00000000000000000000021 /* VoyaApp.swift in Sources */,
				D00000000000000000000022 /* ContentView.swift in Sources */,
				D00000000000000000000023 /* TripModels.swift in Sources */,
				D00000000000000000000024 /* TravelAlert.swift in Sources */,
				D0000000000000000000006C /* FlightCheckInAction.swift in Sources */,
				D00000000000000000000025 /* DestinationImageResolver.swift in Sources */,
				D00000000000000000000026 /* DateFormatters.swift in Sources */,
				D00000000000000000000055 /* StringHelpers.swift in Sources */,
				D00000000000000000000027 /* AppChrome.swift in Sources */,
				D00000000000000000000028 /* SharedVisuals.swift in Sources */,
				D00000000000000000000029 /* VoyaStore.swift in Sources */,
				D00000000000000000000057 /* VoyaStorePersistence.swift in Sources */,
				D00000000000000000000059 /* VoyaStoreHeroImages.swift in Sources */,
				D0000000000000000000005B /* VoyaStoreImport.swift in Sources */,
				D0000000000000000000005D /* VoyaStoreEditing.swift in Sources */,
				D0000000000000000000005F /* VoyaStoreMerge.swift in Sources */,
				D00000000000000000000061 /* VoyaStoreSorting.swift in Sources */,
				D00000000000000000000063 /* VoyaStoreTripMetadata.swift in Sources */,
				D0000000000000000000002A /* SampleData.swift in Sources */,
				D0000000000000000000002B /* VoyaAPIConfiguration.swift in Sources */,
				D0000000000000000000002C /* ConfirmationExtractor.swift in Sources */,
				D0000000000000000000002D /* EnrichmentModels.swift in Sources */,
				D0000000000000000000002E /* MobilityService.swift in Sources */,
				D0000000000000000000002F /* ItemEnricher.swift in Sources */,
				D00000000000000000000030 /* FlightLookupService.swift in Sources */,
				D00000000000000000000031 /* ConfirmationParser.swift in Sources */,
				D00000000000000000000070 /* AssistantAIService.swift in Sources */,
				D00000000000000000000032 /* ItemEnrichmentCache.swift in Sources */,
				D00000000000000000000033 /* VoyaNotifications.swift in Sources */,
				D00000000000000000000071 /* VoyaPushRegistration.swift in Sources */,
				D00000000000000000000034 /* InspireView.swift in Sources */,
				D00000000000000000000035 /* TripsView.swift in Sources */,
				D00000000000000000000036 /* TripHeroComponents.swift in Sources */,
				D00000000000000000000037 /* TimelineComponents.swift in Sources */,
				D00000000000000000000038 /* TransferDetailView.swift in Sources */,
				D00000000000000000000039 /* ItineraryItemDraft.swift in Sources */,
				D0000000000000000000003A /* ItineraryItemDetailView.swift in Sources */,
				D00000000000000000000066 /* ItineraryItemCompanionCard.swift in Sources */,
				D00000000000000000000068 /* TravelBriefCard.swift in Sources */,
				D0000000000000000000006A /* ItemInsightPanel.swift in Sources */,
				D0000000000000000000003B /* EditItineraryItemView.swift in Sources */,
				D0000000000000000000003C /* EditTripView.swift in Sources */,
				D0000000000000000000003D /* ImportView.swift in Sources */,
				D0000000000000000000003E /* ImportModels.swift in Sources */,
				D0000000000000000000003F /* ImportComponents.swift in Sources */,
				D00000000000000000000040 /* AssistantView.swift in Sources */,
				D0000000000000000000006E /* AssistantIntelligence.swift in Sources */,
			);
			runOnlyForDeploymentPostprocessing = 0;
		};
/* End PBXSourcesBuildPhase section */

/* Begin XCBuildConfiguration section */
		1A2B3C4D5E6F700000000501 /* Debug */ = {
			isa = XCBuildConfiguration;
			buildSettings = {
				ALWAYS_SEARCH_USER_PATHS = NO;
				ASSETCATALOG_COMPILER_GENERATE_SWIFT_ASSET_SYMBOL_EXTENSIONS = YES;
				CLANG_ANALYZER_NONNULL = YES;
				CLANG_ANALYZER_NUMBER_OBJECT_CONVERSION = YES_AGGRESSIVE;
				CLANG_CXX_LANGUAGE_STANDARD = "gnu++20";
				CLANG_ENABLE_MODULES = YES;
				CLANG_ENABLE_OBJC_ARC = YES;
				CLANG_ENABLE_OBJC_WEAK = YES;
				CLANG_WARN_BLOCK_CAPTURE_AUTORELEASING = YES;
				CLANG_WARN_BOOL_CONVERSION = YES;
				CLANG_WARN_COMMA = YES;
				CLANG_WARN_CONSTANT_CONVERSION = YES;
				CLANG_WARN_DEPRECATED_OBJC_IMPLEMENTATIONS = YES;
				CLANG_WARN_DIRECT_OBJC_ISA_USAGE = YES_ERROR;
				CLANG_WARN_DOCUMENTATION_COMMENTS = YES;
				CLANG_WARN_EMPTY_BODY = YES;
				CLANG_WARN_ENUM_CONVERSION = YES;
				CLANG_WARN_INFINITE_RECURSION = YES;
				CLANG_WARN_INT_CONVERSION = YES;
				CLANG_WARN_NON_LITERAL_NULL_CONVERSION = YES;
				CLANG_WARN_OBJC_IMPLICIT_RETAIN_SELF = YES;
				CLANG_WARN_OBJC_LITERAL_CONVERSION = YES;
				CLANG_WARN_OBJC_ROOT_CLASS = YES_ERROR;
				CLANG_WARN_QUOTED_INCLUDE_IN_FRAMEWORK_HEADER = YES;
				CLANG_WARN_RANGE_LOOP_ANALYSIS = YES;
				CLANG_WARN_STRICT_PROTOTYPES = YES;
				CLANG_WARN_SUSPICIOUS_MOVE = YES;
				CLANG_WARN_UNGUARDED_AVAILABILITY = YES_AGGRESSIVE;
				CLANG_WARN_UNREACHABLE_CODE = YES;
				CLANG_WARN__DUPLICATE_METHOD_MATCH = YES;
				COPY_PHASE_STRIP = NO;
				DEBUG_INFORMATION_FORMAT = dwarf;
				ENABLE_STRICT_OBJC_MSGSEND = YES;
				ENABLE_TESTABILITY = YES;
				ENABLE_USER_SCRIPT_SANDBOXING = YES;
				GCC_C_LANGUAGE_STANDARD = gnu17;
				GCC_DYNAMIC_NO_PIC = NO;
				GCC_NO_COMMON_BLOCKS = YES;
				GCC_OPTIMIZATION_LEVEL = 0;
				GCC_PREPROCESSOR_DEFINITIONS = (
					"DEBUG=1",
					"$(inherited)",
				);
				GCC_WARN_64_TO_32_BIT_CONVERSION = YES;
				GCC_WARN_ABOUT_RETURN_TYPE = YES_ERROR;
				GCC_WARN_UNDECLARED_SELECTOR = YES;
				GCC_WARN_UNINITIALIZED_AUTOS = YES_AGGRESSIVE;
				GCC_WARN_UNUSED_FUNCTION = YES;
				GCC_WARN_UNUSED_VARIABLE = YES;
				IPHONEOS_DEPLOYMENT_TARGET = 18.0;
				LOCALIZATION_PREFERS_STRING_CATALOGS = YES;
				MTL_ENABLE_DEBUG_INFO = INCLUDE_SOURCE;
				MTL_FAST_MATH = YES;
				ONLY_ACTIVE_ARCH = YES;
				SDKROOT = iphoneos;
				SWIFT_ACTIVE_COMPILATION_CONDITIONS = DEBUG;
				SWIFT_OPTIMIZATION_LEVEL = "-Onone";
			};
			name = Debug;
		};
		1A2B3C4D5E6F700000000502 /* Release */ = {
			isa = XCBuildConfiguration;
			buildSettings = {
				ALWAYS_SEARCH_USER_PATHS = NO;
				ASSETCATALOG_COMPILER_GENERATE_SWIFT_ASSET_SYMBOL_EXTENSIONS = YES;
				CLANG_ANALYZER_NONNULL = YES;
				CLANG_ANALYZER_NUMBER_OBJECT_CONVERSION = YES_AGGRESSIVE;
				CLANG_CXX_LANGUAGE_STANDARD = "gnu++20";
				CLANG_ENABLE_MODULES = YES;
				CLANG_ENABLE_OBJC_ARC = YES;
				CLANG_ENABLE_OBJC_WEAK = YES;
				CLANG_WARN_BLOCK_CAPTURE_AUTORELEASING = YES;
				CLANG_WARN_BOOL_CONVERSION = YES;
				CLANG_WARN_COMMA = YES;
				CLANG_WARN_CONSTANT_CONVERSION = YES;
				CLANG_WARN_DEPRECATED_OBJC_IMPLEMENTATIONS = YES;
				CLANG_WARN_DIRECT_OBJC_ISA_USAGE = YES_ERROR;
				CLANG_WARN_DOCUMENTATION_COMMENTS = YES;
				CLANG_WARN_EMPTY_BODY = YES;
				CLANG_WARN_ENUM_CONVERSION = YES;
				CLANG_WARN_INFINITE_RECURSION = YES;
				CLANG_WARN_INT_CONVERSION = YES;
				CLANG_WARN_NON_LITERAL_NULL_CONVERSION = YES;
				CLANG_WARN_OBJC_IMPLICIT_RETAIN_SELF = YES;
				CLANG_WARN_OBJC_LITERAL_CONVERSION = YES;
				CLANG_WARN_OBJC_ROOT_CLASS = YES_ERROR;
				CLANG_WARN_QUOTED_INCLUDE_IN_FRAMEWORK_HEADER = YES;
				CLANG_WARN_RANGE_LOOP_ANALYSIS = YES;
				CLANG_WARN_STRICT_PROTOTYPES = YES;
				CLANG_WARN_SUSPICIOUS_MOVE = YES;
				CLANG_WARN_UNGUARDED_AVAILABILITY = YES_AGGRESSIVE;
				CLANG_WARN_UNREACHABLE_CODE = YES;
				CLANG_WARN__DUPLICATE_METHOD_MATCH = YES;
				COPY_PHASE_STRIP = NO;
				DEBUG_INFORMATION_FORMAT = "dwarf-with-dsym";
				ENABLE_NS_ASSERTIONS = NO;
				ENABLE_STRICT_OBJC_MSGSEND = YES;
				ENABLE_USER_SCRIPT_SANDBOXING = YES;
				GCC_C_LANGUAGE_STANDARD = gnu17;
				GCC_NO_COMMON_BLOCKS = YES;
				GCC_WARN_64_TO_32_BIT_CONVERSION = YES;
				GCC_WARN_ABOUT_RETURN_TYPE = YES_ERROR;
				GCC_WARN_UNDECLARED_SELECTOR = YES;
				GCC_WARN_UNINITIALIZED_AUTOS = YES_AGGRESSIVE;
				GCC_WARN_UNUSED_FUNCTION = YES;
				GCC_WARN_UNUSED_VARIABLE = YES;
				IPHONEOS_DEPLOYMENT_TARGET = 18.0;
				LOCALIZATION_PREFERS_STRING_CATALOGS = YES;
				MTL_ENABLE_DEBUG_INFO = NO;
				MTL_FAST_MATH = YES;
				SDKROOT = iphoneos;
				SWIFT_COMPILATION_MODE = wholemodule;
				VALIDATE_PRODUCT = YES;
			};
			name = Release;
		};
		1A2B3C4D5E6F700000000503 /* Debug */ = {
			isa = XCBuildConfiguration;
			buildSettings = {
				ASSETCATALOG_COMPILER_APPICON_NAME = AppIcon;
				APS_ENVIRONMENT = development;
				CODE_SIGN_ENTITLEMENTS = Voya/Voya.entitlements;
				CODE_SIGN_STYLE = Automatic;
				CURRENT_PROJECT_VERSION = 1;
				DEVELOPMENT_ASSET_PATHS = "";
				DEVELOPMENT_TEAM = 7U4GTZSW74;
				GENERATE_INFOPLIST_FILE = NO;
				INFOPLIST_FILE = Voya/Info.plist;
				INFOPLIST_KEY_CFBundleDisplayName = Voya;
				INFOPLIST_KEY_LSApplicationCategoryType = "public.app-category.travel";
				INFOPLIST_KEY_UIApplicationSceneManifest_Generation = YES;
				INFOPLIST_KEY_UIApplicationSupportsIndirectInputEvents = YES;
				INFOPLIST_KEY_UILaunchScreen_Generation = YES;
				INFOPLIST_KEY_UISupportedInterfaceOrientations_iPhone = "UIInterfaceOrientationPortrait UIInterfaceOrientationLandscapeLeft UIInterfaceOrientationLandscapeRight";
				LD_RUNPATH_SEARCH_PATHS = (
					"$(inherited)",
					"@executable_path/Frameworks",
				);
				MARKETING_VERSION = 0.1;
				PRODUCT_BUNDLE_IDENTIFIER = com.aglamov.voya;
				PRODUCT_NAME = "$(TARGET_NAME)";
				SUPPORTED_PLATFORMS = "iphoneos iphonesimulator";
				SUPPORTS_MACCATALYST = NO;
				SUPPORTS_MAC_DESIGNED_FOR_IPHONE_IPAD = NO;
				SWIFT_EMIT_LOC_STRINGS = YES;
				SWIFT_VERSION = 6.0;
				TARGETED_DEVICE_FAMILY = 1;
				VOYA_API_BASE_URL = "https://voya-lime.vercel.app";
			};
			name = Debug;
		};
		1A2B3C4D5E6F700000000504 /* Release */ = {
			isa = XCBuildConfiguration;
			buildSettings = {
				ASSETCATALOG_COMPILER_APPICON_NAME = AppIcon;
				APS_ENVIRONMENT = production;
				CODE_SIGN_ENTITLEMENTS = Voya/Voya.entitlements;
				CODE_SIGN_STYLE = Automatic;
				CURRENT_PROJECT_VERSION = 1;
				DEVELOPMENT_ASSET_PATHS = "";
				DEVELOPMENT_TEAM = 7U4GTZSW74;
				GENERATE_INFOPLIST_FILE = NO;
				INFOPLIST_FILE = Voya/Info.plist;
				INFOPLIST_KEY_CFBundleDisplayName = Voya;
				INFOPLIST_KEY_LSApplicationCategoryType = "public.app-category.travel";
				INFOPLIST_KEY_UIApplicationSceneManifest_Generation = YES;
				INFOPLIST_KEY_UIApplicationSupportsIndirectInputEvents = YES;
				INFOPLIST_KEY_UILaunchScreen_Generation = YES;
				INFOPLIST_KEY_UISupportedInterfaceOrientations_iPhone = "UIInterfaceOrientationPortrait UIInterfaceOrientationLandscapeLeft UIInterfaceOrientationLandscapeRight";
				LD_RUNPATH_SEARCH_PATHS = (
					"$(inherited)",
					"@executable_path/Frameworks",
				);
				MARKETING_VERSION = 0.1;
				PRODUCT_BUNDLE_IDENTIFIER = com.aglamov.voya;
				PRODUCT_NAME = "$(TARGET_NAME)";
				SUPPORTED_PLATFORMS = "iphoneos iphonesimulator";
				SUPPORTS_MACCATALYST = NO;
				SUPPORTS_MAC_DESIGNED_FOR_IPHONE_IPAD = NO;
				SWIFT_EMIT_LOC_STRINGS = YES;
				SWIFT_VERSION = 6.0;
				TARGETED_DEVICE_FAMILY = 1;
				VOYA_API_BASE_URL = "https://voya-lime.vercel.app";
			};
			name = Release;
		};
/* End XCBuildConfiguration section */

/* Begin XCConfigurationList section */
		1A2B3C4D5E6F700000000401 /* Build configuration list for PBXNativeTarget "Voya" */ = {
			isa = XCConfigurationList;
			buildConfigurations = (
				1A2B3C4D5E6F700000000503 /* Debug */,
				1A2B3C4D5E6F700000000504 /* Release */,
			);
			defaultConfigurationIsVisible = 0;
			defaultConfigurationName = Release;
		};
		1A2B3C4D5E6F700000000402 /* Build configuration list for PBXProject "Voya" */ = {
			isa = XCConfigurationList;
			buildConfigurations = (
				1A2B3C4D5E6F700000000501 /* Debug */,
				1A2B3C4D5E6F700000000502 /* Release */,
			);
			defaultConfigurationIsVisible = 0;
			defaultConfigurationName = Release;
		};
/* End XCConfigurationList section */
	};
	rootObject = 1A2B3C4D5E6F700000000302 /* Project object */;
}
